
Microsoft Visual Studio Solution File, Format Version 12.00
# Visual Studio 2013
VisualStudioVersion = 12.0.40629.0
MinimumVisualStudioVersion = 10.0.40219.1
Project("{2150E333-8FDC-42A3-9474-1A3956D46DE8}") = "01.Client", "01.Client", "{D5511E53-9906-40C9-AE04-9AFB843967DB}"
EndProject
Project("{FAE04EC0-301F-11D3-BF4B-00C04F79EFBC}") = "WebApplication", "01.Client\WebApplication\WebApplication.csproj", "{C7D5D3AB-0372-473B-B5C6-EA4EA1C0A14D}"
EndProject
Global
	GlobalSection(SolutionConfigurationPlatforms) = preSolution
		Debug|Any CPU = Debug|Any CPU
		Release|Any CPU = Release|Any CPU
	EndGlobalSection
	GlobalSection(ProjectConfigurationPlatforms) = postSolution
		{C7D5D3AB-0372-473B-B5C6-EA4EA1C0A14D}.Debug|Any CPU.ActiveCfg = Debug|Any CPU
		{C7D5D3AB-0372-473B-B5C6-EA4EA1C0A14D}.Debug|Any CPU.Build.0 = Debug|Any CPU
		{C7D5D3AB-0372-473B-B5C6-EA4EA1C0A14D}.Release|Any CPU.ActiveCfg = Release|Any CPU
		{C7D5D3AB-0372-473B-B5C6-EA4EA1C0A14D}.Release|Any CPU.Build.0 = Release|Any CPU
	EndGlobalSection
	GlobalSection(SolutionProperties) = preSolution
		HideSolutionNode = FALSE
	EndGlobalSection
	GlobalSection(NestedProjects) = preSolution
		{C7D5D3AB-0372-473B-B5C6-EA4EA1C0A14D} = {D5511E53-9906-40C9-AE04-9AFB843967DB}
	EndGlobalSection
EndGlobal
